Microsoft Visual Studio Solution File, Format Version 12.00
# Visual Studio 2012
Project("{FAE04EC0-301F-11D3-BF4B-00C04F79EFBC}") = "Shooter", "Shooter.csproj", "{30A4EE2A-B41E-4B12-ADA1-424C75D1323D}"
EndProject
Global
	GlobalSection(SolutionConfigurationPlatforms) = preSolution
	Debug|Any CPU = Debug|Any CPU
	ExportDebug|Any CPU = ExportDebug|Any CPU
	ExportRelease|Any CPU = ExportRelease|Any CPU
	EndGlobalSection
	GlobalSection(ProjectConfigurationPlatforms) = postSolution
		{30A4EE2A-B41E-4B12-ADA1-424C75D1323D}.Debug|Any CPU.ActiveCfg = Debug|Any CPU
		{30A4EE2A-B41E-4B12-ADA1-424C75D1323D}.Debug|Any CPU.Build.0 = Debug|Any CPU
		{30A4EE2A-B41E-4B12-ADA1-424C75D1323D}.ExportDebug|Any CPU.ActiveCfg = ExportDebug|Any CPU
		{30A4EE2A-B41E-4B12-ADA1-424C75D1323D}.ExportDebug|Any CPU.Build.0 = ExportDebug|Any CPU
		{30A4EE2A-B41E-4B12-ADA1-424C75D1323D}.ExportRelease|Any CPU.ActiveCfg = ExportRelease|Any CPU
		{30A4EE2A-B41E-4B12-ADA1-424C75D1323D}.ExportRelease|Any CPU.Build.0 = ExportRelease|Any CPU
	EndGlobalSection
EndGlobal
